
Microsoft Visual Studio Solution File, Format Version 12.00
# Visual Studio Version 16
VisualStudioVersion = 16.0.29728.190
MinimumVisualStudioVersion = 10.0.40219.1
Project("{FAE04EC0-301F-11D3-BF4B-00C04F79EFBC}") = "WindowsFormsApp18", "WindowsFormsApp18\WindowsFormsApp18.csproj", "{1DA992FB-B409-4022-9B44-237693E69709}"
EndProject
Global
	GlobalSection(SolutionConfigurationPlatforms) = preSolution
		Debug|Any CPU = Debug|Any CPU
		Release|Any CPU = Release|Any CPU
	EndGlobalSection
	GlobalSection(ProjectConfigurationPlatforms) = postSolution
		{1DA992FB-B409-4022-9B44-237693E69709}.Debug|Any CPU.ActiveCfg = Debug|Any CPU
		{1DA992FB-B409-4022-9B44-237693E69709}.Debug|Any CPU.Build.0 = Debug|Any CPU
		{1DA992FB-B409-4022-9B44-237693E69709}.Release|Any CPU.ActiveCfg = Release|Any CPU
		{1DA992FB-B409-4022-9B44-237693E69709}.Release|Any CPU.Build.0 = Release|Any CPU
	EndGlobalSection
	GlobalSection(SolutionProperties) = preSolution
		HideSolutionNode = FALSE
	EndGlobalSection
	GlobalSection(ExtensibilityGlobals) = postSolution
		SolutionGuid = {7F3A57E4-D3ED-4909-BFAD-241247939BF3}
	EndGlobalSection
EndGlobal
